
Microsoft Visual Studio Solution File, Format Version 12.00
# Visual Studio Version 17
VisualStudioVersion = 17.0.31903.59
MinimumVisualStudioVersion = 10.0.40219.1
Project("{FAE04EC0-301F-11D3-BF4B-00C04F79EFBC}") = "Paws.Abstractions", "Paws.Abstractions\Paws.Abstractions.csproj", "{A6F65586-87ED-4046-AD1A-AAF05369561A}"
EndProject
Project("{FAE04EC0-301F-11D3-BF4B-00C04F79EFBC}") = "Paws.Core", "Paws.Core\Paws.Core.csproj", "{4C10BF21-BA3F-4858-A78E-B8F4DD16CEB9}"
EndProject
Project("{FAE04EC0-301F-11D3-BF4B-00C04F79EFBC}") = "Paws.Drivers", "Paws.Drivers\Paws.Drivers.csproj", "{023B1701-A4AD-42AB-87C9-F19CD09E9712}"
EndProject
Project("{FAE04EC0-301F-11D3-BF4B-00C04F79EFBC}") = "Paws.Sidecar", "Paws.Sidecar\Paws.Sidecar.csproj", "{D98CCE62-2958-4CC9-921A-6DD1503BDDA9}"
EndProject
Global
	GlobalSection(SolutionConfigurationPlatforms) = preSolution
		Debug|Any CPU = Debug|Any CPU
		Release|Any CPU = Release|Any CPU
	EndGlobalSection
	GlobalSection(SolutionProperties) = preSolution
		HideSolutionNode = FALSE
	EndGlobalSection
	GlobalSection(ProjectConfigurationPlatforms) = postSolution
		{A6F65586-87ED-4046-AD1A-AAF05369561A}.Debug|Any CPU.ActiveCfg = Debug|Any CPU
		{A6F65586-87ED-4046-AD1A-AAF05369561A}.Debug|Any CPU.Build.0 = Debug|Any CPU
		{A6F65586-87ED-4046-AD1A-AAF05369561A}.Release|Any CPU.ActiveCfg = Release|Any CPU
		{A6F65586-87ED-4046-AD1A-AAF05369561A}.Release|Any CPU.Build.0 = Release|Any CPU
		{4C10BF21-BA3F-4858-A78E-B8F4DD16CEB9}.Debug|Any CPU.ActiveCfg = Debug|Any CPU
		{4C10BF21-BA3F-4858-A78E-B8F4DD16CEB9}.Debug|Any CPU.Build.0 = Debug|Any CPU
		{4C10BF21-BA3F-4858-A78E-B8F4DD16CEB9}.Release|Any CPU.ActiveCfg = Release|Any CPU
		{4C10BF21-BA3F-4858-A78E-B8F4DD16CEB9}.Release|Any CPU.Build.0 = Release|Any CPU
		{023B1701-A4AD-42AB-87C9-F19CD09E9712}.Debug|Any CPU.ActiveCfg = Debug|Any CPU
		{023B1701-A4AD-42AB-87C9-F19CD09E9712}.Debug|Any CPU.Build.0 = Debug|Any CPU
		{023B1701-A4AD-42AB-87C9-F19CD09E9712}.Release|Any CPU.ActiveCfg = Release|Any CPU
		{023B1701-A4AD-42AB-87C9-F19CD09E9712}.Release|Any CPU.Build.0 = Release|Any CPU
		{D98CCE62-2958-4CC9-921A-6DD1503BDDA9}.Debug|Any CPU.ActiveCfg = Debug|Any CPU
		{D98CCE62-2958-4CC9-921A-6DD1503BDDA9}.Debug|Any CPU.Build.0 = Debug|Any CPU
		{D98CCE62-2958-4CC9-921A-6DD1503BDDA9}.Release|Any CPU.ActiveCfg = Release|Any CPU
		{D98CCE62-2958-4CC9-921A-6DD1503BDDA9}.Release|Any CPU.Build.0 = Release|Any CPU
	EndGlobalSection
EndGlobal
